// !$*UTF8*$!
{
	archiveVersion = 1;
	classes = {
	};
	objectVersion = 46;
	objects = {

/* Begin PBXBuildFile section */
		FB865D1D1A6C0B0500E06B2E /* main.c in Sources */ = {isa = PBXBuildFile; fileRef = FB865D1C1A6C0B0500E06B2E /* main.c */; };
/* End PBXBuildFile section */

/* Begin PBXCopyFilesBuildPhase section */
		FB865D171A6C0B0500E06B2E /* CopyFiles */ = {
			isa = PBXCopyFilesBuildPhase;
			buildActionMask = 2147483647;
			dstPath = /usr/share/man/man1/;
			dstSubfolderSpec = 0;
			files = (
			);
			runOnlyForDeploymentPostprocessing = 1;
		};
/* End PBXCopyFilesBuildPhase section */

/* Begin PBXFileReference section */
		FB865D191A6C0B0500E06B2E /* genetyczny */ = {isa = PBXFileReference; explicitFileType = "compiled.mach-o.executable"; includeInIndex = 0; path = genetyczny; sourceTree = BUILT_PRODUCTS_DIR; };
		FB865D1C1A6C0B0500E06B2E /* main.c */ = {isa = PBXFileReference; lastKnownFileType = sourcecode.c.c; path = main.c; sourceTree = "<group>"; };
/* End PBXFileReference section */

/* Begin PBXFrameworksBuildPhase section */
		FB865D161A6C0B0500E06B2E /* Frameworks */ = {
			isa = PBXFrameworksBuildPhase;
			buildActionMask = 2147483647;
			files = (
			);
			runOnlyForDeploymentPostprocessing = 0;
		};
/* End PBXFrameworksBuildPhase section */

/* Begin PBXGroup section */
		FB865D101A6C0B0500E06B2E = {
			isa = PBXGroup;
			children = (
				FB865D1B1A6C0B0500E06B2E /* genetyczny */,
				FB865D1A1A6C0B0500E06B2E /* Products */,
			);
			sourceTree = "<group>";
		};
		FB865D1A1A6C0B0500E06B2E /* Products */ = {
			isa = PBXGroup;
			children = (
				FB865D191A6C0B0500E06B2E /* genetyczny */,
			);
			name = Products;
			sourceTree = "<group>";
		};
		FB865D1B1A6C0B0500E06B2E /* genetyczny */ = {
			isa = PBXGroup;
			children = (
				FB865D1C1A6C0B0500E06B2E /* main.c */,
			);
			path = genetyczny;
			sourceTree = "<group>";
		};
/* End PBXGroup section */

/* Begin PBXNativeTarget section */
		FB865D181A6C0B0500E06B2E /* genetyczny */ = {
			isa = PBXNativeTarget;
			buildConfigurationList = FB865D201A6C0B0500E06B2E /* Build configuration list for PBXNativeTarget "genetyczny" */;
			buildPhases = (
				FB865D151A6C0B0500E06B2E /* Sources */,
				FB865D161A6C0B0500E06B2E /* Frameworks */,
				FB865D171A6C0B0500E06B2E /* CopyFiles */,
			);
			buildRules = (
			);
			dependencies = (
			);
			name = genetyczny;
			productName = genetyczny;
			productReference = FB865D191A6C0B0500E06B2E /* genetyczny */;
			productType = "com.apple.product-type.tool";
		};
/* End PBXNativeTarget section */

/* Begin PBXProject section */
		FB865D111A6C0B0500E06B2E /* Project object */ = {
			isa = PBXProject;
			attributes = {
				LastUpgradeCheck = 0610;
				ORGANIZATIONNAME = Dworakowski;
				TargetAttributes = {
					FB865D181A6C0B0500E06B2E = {
						CreatedOnToolsVersion = 6.1;
					};
				};
			};
			buildConfigurationList = FB865D141A6C0B0500E06B2E /* Build configuration list for PBXProject "genetyczny" */;
			compatibilityVersion = "Xcode 3.2";
			developmentRegion = English;
			hasScannedForEncodings = 0;
			knownRegions = (
				en,
			);
			mainGroup = FB865D101A6C0B0500E06B2E;
			productRefGroup = FB865D1A1A6C0B0500E06B2E /* Products */;
			projectDirPath = "";
			projectRoot = "";
			targets = (
				FB865D181A6C0B0500E06B2E /* genetyczny */,
			);
		};
/* End PBXProject section */

/* Begin PBXSourcesBuildPhase section */
		FB865D151A6C0B0500E06B2E /* Sources */ = {
			isa = PBXSourcesBuildPhase;
			buildActionMask = 2147483647;
			files = (
				FB865D1D1A6C0B0500E06B2E /* main.c in Sources */,
			);
			runOnlyForDeploymentPostprocessing = 0;
		};
/* End PBXSourcesBuildPhase section */

/* Begin XCBuildConfiguration section */
		FB865D1E1A6C0B0500E06B2E /* Debug */ = {
			isa = XCBuildConfiguration;
			buildSettings = {
				ALWAYS_SEARCH_USER_PATHS = NO;
				CLANG_CXX_LANGUAGE_STANDARD = "gnu++0x";
				CLANG_CXX_LIBRARY = "libc++";
				CLANG_ENABLE_MODULES = YES;
				CLANG_ENABLE_OBJC_ARC = YES;
				CLANG_WARN_BOOL_CONVERSION = YES;
				CLANG_WARN_CONSTANT_CONVERSION = YES;
				CLANG_WARN_DIRECT_OBJC_ISA_USAGE = YES_ERROR;
				CLANG_WARN_EMPTY_BODY = YES;
				CLANG_WARN_ENUM_CONVERSION = YES;
				CLANG_WARN_INT_CONVERSION = YES;
				CLANG_WARN_OBJC_ROOT_CLASS = YES_ERROR;
				CLANG_WARN_UNREACHABLE_CODE = YES;
				CLANG_WARN__DUPLICATE_METHOD_MATCH = YES;
				COPY_PHASE_STRIP = NO;
				ENABLE_STRICT_OBJC_MSGSEND = YES;
				GCC_C_LANGUAGE_STANDARD = gnu99;
				GCC_DYNAMIC_NO_PIC = NO;
				GCC_OPTIMIZATION_LEVEL = 0;
				GCC_PREPROCESSOR_DEFINITIONS = (
					"DEBUG=1",
					"$(inherited)",
				);
				GCC_SYMBOLS_PRIVATE_EXTERN = NO;
				GCC_WARN_64_TO_32_BIT_CONVERSION = YES;
				GCC_WARN_ABOUT_RETURN_TYPE = YES_ERROR;
				GCC_WARN_UNDECLARED_SELECTOR = YES;
				GCC_WARN_UNINITIALIZED_AUTOS = YES_AGGRESSIVE;
				GCC_WARN_UNUSED_FUNCTION = YES;
				GCC_WARN_UNUSED_VARIABLE = YES;
				MACOSX_DEPLOYMENT_TARGET = 10.10;
				MTL_ENABLE_DEBUG_INFO = YES;
				ONLY_ACTIVE_ARCH = YES;
				SDKROOT = macosx;
			};
			name = Debug;
		};
		FB865D1F1A6C0B0500E06B2E /* Release */ = {
			isa = XCBuildConfiguration;
			buildSettings = {
				ALWAYS_SEARCH_USER_PATHS = NO;
				CLANG_CXX_LANGUAGE_STANDARD = "gnu++0x";
				CLANG_CXX_LIBRARY = "libc++";
				CLANG_ENABLE_MODULES = YES;
				CLANG_ENABLE_OBJC_ARC = YES;
				CLANG_WARN_BOOL_CONVERSION = YES;
				CLANG_WARN_CONSTANT_CONVERSION = YES;
				CLANG_WARN_DIRECT_OBJC_ISA_USAGE = YES_ERROR;
				CLANG_WARN_EMPTY_BODY = YES;
				CLANG_WARN_ENUM_CONVERSION = YES;
				CLANG_WARN_INT_CONVERSION = YES;
				CLANG_WARN_OBJC_ROOT_CLASS = YES_ERROR;
				CLANG_WARN_UNREACHABLE_CODE = YES;
				CLANG_WARN__DUPLICATE_METHOD_MATCH = YES;
				COPY_PHASE_STRIP = YES;
				DEBUG_INFORMATION_FORMAT = "dwarf-with-dsym";
				ENABLE_NS_ASSERTIONS = NO;
				ENABLE_STRICT_OBJC_MSGSEND = YES;
				GCC_C_LANGUAGE_STANDARD = gnu99;
				GCC_WARN_64_TO_32_BIT_CONVERSION = YES;
				GCC_WARN_ABOUT_RETURN_TYPE = YES_ERROR;
				GCC_WARN_UNDECLARED_SELECTOR = YES;
				GCC_WARN_UNINITIALIZED_AUTOS = YES_AGGRESSIVE;
				GCC_WARN_UNUSED_FUNCTION = YES;
				GCC_WARN_UNUSED_VARIABLE = YES;
				MACOSX_DEPLOYMENT_TARGET = 10.10;
				MTL_ENABLE_DEBUG_INFO = NO;
				SDKROOT = macosx;
			};
			name = Release;
		};
		FB865D211A6C0B0500E06B2E /* Debug */ = {
			isa = XCBuildConfiguration;
			buildSettings = {
				PRODUCT_NAME = "$(TARGET_NAME)";
			};
			name = Debug;
		};
		FB865D221A6C0B0500E06B2E /* Release */ = {
			isa = XCBuildConfiguration;
			buildSettings = {
				PRODUCT_NAME = "$(TARGET_NAME)";
			};
			name = Release;
		};
/* End XCBuildConfiguration section */

/* Begin XCConfigurationList section */
		FB865D141A6C0B0500E06B2E /* Build configuration list for PBXProject "genetyczny" */ = {
			isa = XCConfigurationList;
			buildConfigurations = (
				FB865D1E1A6C0B0500E06B2E /* Debug */,
				FB865D1F1A6C0B0500E06B2E /* Release */,
			);
			defaultConfigurationIsVisible = 0;
			defaultConfigurationName = Release;
		};
		FB865D201A6C0B0500E06B2E /* Build configuration list for PBXNativeTarget "genetyczny" */ = {
			isa = XCConfigurationList;
			buildConfigurations = (
				FB865D211A6C0B0500E06B2E /* Debug */,
				FB865D221A6C0B0500E06B2E /* Release */,
			);
			defaultConfigurationIsVisible = 0;
		};
/* End XCConfigurationList section */
	};
	rootObject = FB865D111A6C0B0500E06B2E /* Project object */;
}
